{
  "originHash" : "45b34a3b983af9a5569ab5b04f1a7a66fe2e7cae9cbda0c0b6b20ef302884fff",
  "pins" : [
    {
      "identity" : "aurora",
      "kind" : "remoteSourceControl",
      "location" : "https://github.com/tornikegomareli/Aurora",
      "state" : {
        "branch" : "intro-animation",
        "revision" : "8ff6ab358ba2c40f62c679950b7c0e2dda29c573"
      }
    }
  ],
  "version" : 3
}
